
Microsoft Visual Studio Solution File, Format Version 12.00
# Visual Studio Version 16
VisualStudioVersion = 16.0.29102.190
MinimumVisualStudioVersion = 10.0.40219.1
Project("{9A19103F-16F7-4668-BE54-9A1E7A4F7556}") = "WordFinder", "WordFinder\WordFinder.csproj", "{C8DB4AA9-1011-4CCA-A324-AA6CA27D837E}"
EndProject
Project("{FAE04EC0-301F-11D3-BF4B-00C04F79EFBC}") = "WordFinder.Site", "WordFinder.Site\WordFinder.Site.csproj", "{7264C47F-AEB2-4893-A198-91E536DB7CDE}"
EndProject
Project("{FAE04EC0-301F-11D3-BF4B-00C04F79EFBC}") = "WordFinder.Core", "WordFinder.Core\WordFinder.Core.csproj", "{42A16566-EA47-4C59-8119-E213599F57F1}"
EndProject
Global
	GlobalSection(SolutionConfigurationPlatforms) = preSolution
		Debug|Any CPU = Debug|Any CPU
		Release|Any CPU = Release|Any CPU
	EndGlobalSection
	GlobalSection(ProjectConfigurationPlatforms) = postSolution
		{C8DB4AA9-1011-4CCA-A324-AA6CA27D837E}.Debug|Any CPU.ActiveCfg = Debug|Any CPU
		{C8DB4AA9-1011-4CCA-A324-AA6CA27D837E}.Debug|Any CPU.Build.0 = Debug|Any CPU
		{C8DB4AA9-1011-4CCA-A324-AA6CA27D837E}.Release|Any CPU.ActiveCfg = Release|Any CPU
		{C8DB4AA9-1011-4CCA-A324-AA6CA27D837E}.Release|Any CPU.Build.0 = Release|Any CPU
		{7264C47F-AEB2-4893-A198-91E536DB7CDE}.Debug|Any CPU.ActiveCfg = Debug|Any CPU
		{7264C47F-AEB2-4893-A198-91E536DB7CDE}.Debug|Any CPU.Build.0 = Debug|Any CPU
		{7264C47F-AEB2-4893-A198-91E536DB7CDE}.Release|Any CPU.ActiveCfg = Release|Any CPU
		{7264C47F-AEB2-4893-A198-91E536DB7CDE}.Release|Any CPU.Build.0 = Release|Any CPU
		{42A16566-EA47-4C59-8119-E213599F57F1}.Debug|Any CPU.ActiveCfg = Debug|Any CPU
		{42A16566-EA47-4C59-8119-E213599F57F1}.Debug|Any CPU.Build.0 = Debug|Any CPU
		{42A16566-EA47-4C59-8119-E213599F57F1}.Release|Any CPU.ActiveCfg = Release|Any CPU
		{42A16566-EA47-4C59-8119-E213599F57F1}.Release|Any CPU.Build.0 = Release|Any CPU
	EndGlobalSection
	GlobalSection(SolutionProperties) = preSolution
		HideSolutionNode = FALSE
	EndGlobalSection
	GlobalSection(ExtensibilityGlobals) = postSolution
		SolutionGuid = {921C6227-139C-49D4-8CC2-D86F7BF21034}
	EndGlobalSection
EndGlobal
